Microsoft Visual Studio Solution File, Format Version 12.00
# Visual Studio Version 17
VisualStudioVersion = 17.13.35828.75
MinimumVisualStudioVersion = 10.0.40219.1
Project("{FAE04EC0-301F-11D3-BF4B-00C04F79EFBC}") = "Lab3", "Lab3.csproj", "{9D2A7354-3CE8-4008-82D9-6D0CD53253AE}"
EndProject
Project("{FAE04EC0-301F-11D3-BF4B-00C04F79EFBC}") = "Lab3_Tests", "..\Lab3_Tests\Lab3_Tests.csproj", "{0D8EC6AA-7037-4281-BEF1-A5645767AADA}"
EndProject
Project("{FAE04EC0-301F-11D3-BF4B-00C04F79EFBC}") = "Lab3_UI", "..\Lab3_UI\Lab3_UI.csproj", "{ECEFD79C-2291-424F-9382-20961062454F}"
EndProject
Global
	GlobalSection(SolutionConfigurationPlatforms) = preSolution
		Debug|Any CPU = Debug|Any CPU
		Release|Any CPU = Release|Any CPU
	EndGlobalSection
	GlobalSection(ProjectConfigurationPlatforms) = postSolution
		{9D2A7354-3CE8-4008-82D9-6D0CD53253AE}.Debug|Any CPU.ActiveCfg = Debug|Any CPU
		{9D2A7354-3CE8-4008-82D9-6D0CD53253AE}.Debug|Any CPU.Build.0 = Debug|Any CPU
		{9D2A7354-3CE8-4008-82D9-6D0CD53253AE}.Release|Any CPU.ActiveCfg = Release|Any CPU
		{9D2A7354-3CE8-4008-82D9-6D0CD53253AE}.Release|Any CPU.Build.0 = Release|Any CPU
		{0D8EC6AA-7037-4281-BEF1-A5645767AADA}.Debug|Any CPU.ActiveCfg = Debug|Any CPU
		{0D8EC6AA-7037-4281-BEF1-A5645767AADA}.Debug|Any CPU.Build.0 = Debug|Any CPU
		{0D8EC6AA-7037-4281-BEF1-A5645767AADA}.Release|Any CPU.ActiveCfg = Release|Any CPU
		{0D8EC6AA-7037-4281-BEF1-A5645767AADA}.Release|Any CPU.Build.0 = Release|Any CPU
		{ECEFD79C-2291-424F-9382-20961062454F}.Debug|Any CPU.ActiveCfg = Debug|Any CPU
		{ECEFD79C-2291-424F-9382-20961062454F}.Debug|Any CPU.Build.0 = Debug|Any CPU
		{ECEFD79C-2291-424F-9382-20961062454F}.Release|Any CPU.ActiveCfg = Release|Any CPU
		{ECEFD79C-2291-424F-9382-20961062454F}.Release|Any CPU.Build.0 = Release|Any CPU
	EndGlobalSection
	GlobalSection(SolutionProperties) = preSolution
		HideSolutionNode = FALSE
	EndGlobalSection
	GlobalSection(ExtensibilityGlobals) = postSolution
		SolutionGuid = {3B875D98-E4BD-43C4-84A6-175383690839}
	EndGlobalSection
EndGlobal
